
Microsoft Visual Studio Solution File, Format Version 12.00
# Visual Studio Version 16
VisualStudioVersion = 16.0.30002.166
MinimumVisualStudioVersion = 10.0.40219.1
Project("{FAE04EC0-301F-11D3-BF4B-00C04F79EFBC}") = "HackerRank_StringsMakingAnagrams", "HackerRank_StringsMakingAnagrams\HackerRank_StringsMakingAnagrams.csproj", "{BC51EAB4-A711-4EED-B837-92E7C7772AC2}"
EndProject
Global
	GlobalSection(SolutionConfigurationPlatforms) = preSolution
		Debug|Any CPU = Debug|Any CPU
		Release|Any CPU = Release|Any CPU
	EndGlobalSection
	GlobalSection(ProjectConfigurationPlatforms) = postSolution
		{BC51EAB4-A711-4EED-B837-92E7C7772AC2}.Debug|Any CPU.ActiveCfg = Debug|Any CPU
		{BC51EAB4-A711-4EED-B837-92E7C7772AC2}.Debug|Any CPU.Build.0 = Debug|Any CPU
		{BC51EAB4-A711-4EED-B837-92E7C7772AC2}.Release|Any CPU.ActiveCfg = Release|Any CPU
		{BC51EAB4-A711-4EED-B837-92E7C7772AC2}.Release|Any CPU.Build.0 = Release|Any CPU
	EndGlobalSection
	GlobalSection(SolutionProperties) = preSolution
		HideSolutionNode = FALSE
	EndGlobalSection
	GlobalSection(ExtensibilityGlobals) = postSolution
		SolutionGuid = {73DAFCAB-BA1C-48D0-A1DD-28698AF3ED52}
	EndGlobalSection
EndGlobal
